// !$*UTF8*$!
{
	archiveVersion = 1;
	classes = {
	};
	objectVersion = 46;
	objects = {

/* Begin PBXBuildFile section */
		87C8AF4B1EA1B7470087A1B1 /* AppDelegate.swift in Sources */ = {isa = PBXBuildFile; fileRef = 87C8AF4A1EA1B7470087A1B1 /* AppDelegate.swift */; };
		87C8AF4D1EA1B7470087A1B1 /* ViewController.swift in Sources */ = {isa = PBXBuildFile; fileRef = 87C8AF4C1EA1B7470087A1B1 /* ViewController.swift */; };
		87C8AF501EA1B7470087A1B1 /* Main.storyboard in Resources */ = {isa = PBXBuildFile; fileRef = 87C8AF4E1EA1B7470087A1B1 /* Main.storyboard */; };
		87C8AF531EA1B7470087A1B1 /* TestCoreData.xcdatamodeld in Sources */ = {isa = PBXBuildFile; fileRef = 87C8AF511EA1B7470087A1B1 /* TestCoreData.xcdatamodeld */; };
		87C8AF551EA1B7470087A1B1 /* Assets.xcassets in Resources */ = {isa = PBXBuildFile; fileRef = 87C8AF541EA1B7470087A1B1 /* Assets.xcassets */; };
		87C8AF581EA1B7470087A1B1 /* LaunchScreen.storyboard in Resources */ = {isa = PBXBuildFile; fileRef = 87C8AF561EA1B7470087A1B1 /* LaunchScreen.storyboard */; };
/* End PBXBuildFile section */

/* Begin PBXFileReference section */
		87C8AF471EA1B7470087A1B1 /* TestCoreData.app */ = {isa = PBXFileReference; explicitFileType = wrapper.application; includeInIndex = 0; path = TestCoreData.app; sourceTree = BUILT_PRODUCTS_DIR; };
		87C8AF4A1EA1B7470087A1B1 /* AppDelegate.swift */ = {isa = PBXFileReference; lastKnownFileType = sourcecode.swift; path = AppDelegate.swift; sourceTree = "<group>"; };
		87C8AF4C1EA1B7470087A1B1 /* ViewController.swift */ = {isa = PBXFileReference; lastKnownFileType = sourcecode.swift; path = ViewController.swift; sourceTree = "<group>"; };
		87C8AF4F1EA1B7470087A1B1 /* Base */ = {isa = PBXFileReference; lastKnownFileType = file.storyboard; name = Base; path = Base.lproj/Main.storyboard; sourceTree = "<group>"; };
		87C8AF521EA1B7470087A1B1 /* TestCoreData.xcdatamodel */ = {isa = PBXFileReference; lastKnownFileType = wrapper.xcdatamodel; path = TestCoreData.xcdatamodel; sourceTree = "<group>"; };
		87C8AF541EA1B7470087A1B1 /* Assets.xcassets */ = {isa = PBXFileReference; lastKnownFileType = folder.assetcatalog; path = Assets.xcassets; sourceTree = "<group>"; };
		87C8AF571EA1B7470087A1B1 /* Base */ = {isa = PBXFileReference; lastKnownFileType = file.storyboard; name = Base; path = Base.lproj/LaunchScreen.storyboard; sourceTree = "<group>"; };
		87C8AF591EA1B7470087A1B1 /* Info.plist */ = {isa = PBXFileReference; lastKnownFileType = text.plist.xml; path = Info.plist; sourceTree = "<group>"; };
/* End PBXFileReference section */

/* Begin PBXFrameworksBuildPhase section */
		87C8AF441EA1B7470087A1B1 /* Frameworks */ = {
			isa = PBXFrameworksBuildPhase;
			buildActionMask = 2147483647;
			files = (
			);
			runOnlyForDeploymentPostprocessing = 0;
		};
/* End PBXFrameworksBuildPhase section */

/* Begin PBXGroup section */
		87C8AF3E1EA1B7470087A1B1 = {
			isa = PBXGroup;
			children = (
				87C8AF491EA1B7470087A1B1 /* TestCoreData */,
				87C8AF481EA1B7470087A1B1 /* Products */,
			);
			sourceTree = "<group>";
		};
		87C8AF481EA1B7470087A1B1 /* Products */ = {
			isa = PBXGroup;
			children = (
				87C8AF471EA1B7470087A1B1 /* TestCoreData.app */,
			);
			name = Products;
			sourceTree = "<group>";
		};
		87C8AF491EA1B7470087A1B1 /* TestCoreData */ = {
			isa = PBXGroup;
			children = (
				87C8AF4A1EA1B7470087A1B1 /* AppDelegate.swift */,
				87C8AF4C1EA1B7470087A1B1 /* ViewController.swift */,
				87C8AF4E1EA1B7470087A1B1 /* Main.storyboard */,
				87C8AF541EA1B7470087A1B1 /* Assets.xcassets */,
				87C8AF561EA1B7470087A1B1 /* LaunchScreen.storyboard */,
				87C8AF591EA1B7470087A1B1 /* Info.plist */,
				87C8AF511EA1B7470087A1B1 /* TestCoreData.xcdatamodeld */,
			);
			path = TestCoreData;
			sourceTree = "<group>";
		};
/* End PBXGroup section */

/* Begin PBXNativeTarget section */
		87C8AF461EA1B7470087A1B1 /* TestCoreData */ = {
			isa = PBXNativeTarget;
			buildConfigurationList = 87C8AF5C1EA1B7470087A1B1 /* Build configuration list for PBXNativeTarget "TestCoreData" */;
			buildPhases = (
				87C8AF431EA1B7470087A1B1 /* Sources */,
				87C8AF441EA1B7470087A1B1 /* Frameworks */,
				87C8AF451EA1B7470087A1B1 /* Resources */,
			);
			buildRules = (
			);
			dependencies = (
			);
			name = TestCoreData;
			productName = TestCoreData;
			productReference = 87C8AF471EA1B7470087A1B1 /* TestCoreData.app */;
			productType = "com.apple.product-type.application";
		};
/* End PBXNativeTarget section */

/* Begin PBXProject section */
		87C8AF3F1EA1B7470087A1B1 /* Project object */ = {
			isa = PBXProject;
			attributes = {
				LastSwiftUpdateCheck = 0830;
				LastUpgradeCheck = 0830;
				ORGANIZATIONNAME = vnenise;
				TargetAttributes = {
					87C8AF461EA1B7470087A1B1 = {
						CreatedOnToolsVersion = 8.3.1;
						ProvisioningStyle = Manual;
					};
				};
			};
			buildConfigurationList = 87C8AF421EA1B7470087A1B1 /* Build configuration list for PBXProject "TestCoreData" */;
			compatibilityVersion = "Xcode 3.2";
			developmentRegion = English;
			hasScannedForEncodings = 0;
			knownRegions = (
				en,
				Base,
			);
			mainGroup = 87C8AF3E1EA1B7470087A1B1;
			productRefGroup = 87C8AF481EA1B7470087A1B1 /* Products */;
			projectDirPath = "";
			projectRoot = "";
			targets = (
				87C8AF461EA1B7470087A1B1 /* TestCoreData */,
			);
		};
/* End PBXProject section */

/* Begin PBXResourcesBuildPhase section */
		87C8AF451EA1B7470087A1B1 /* Resources */ = {
			isa = PBXResourcesBuildPhase;
			buildActionMask = 2147483647;
			files = (
				87C8AF581EA1B7470087A1B1 /* LaunchScreen.storyboard in Resources */,
				87C8AF551EA1B7470087A1B1 /* Assets.xcassets in Resources */,
				87C8AF501EA1B7470087A1B1 /* Main.storyboard in Resources */,
			);
			runOnlyForDeploymentPostprocessing = 0;
		};
/* End PBXResourcesBuildPhase section */

/* Begin PBXSourcesBuildPhase section */
		87C8AF431EA1B7470087A1B1 /* Sources */ = {
			isa = PBXSourcesBuildPhase;
			buildActionMask = 2147483647;
			files = (
				87C8AF4D1EA1B7470087A1B1 /* ViewController.swift in Sources */,
				87C8AF531EA1B7470087A1B1 /* TestCoreData.xcdatamodeld in Sources */,
				87C8AF4B1EA1B7470087A1B1 /* AppDelegate.swift in Sources */,
			);
			runOnlyForDeploymentPostprocessing = 0;
		};
/* End PBXSourcesBuildPhase section */

/* Begin PBXVariantGroup section */
		87C8AF4E1EA1B7470087A1B1 /* Main.storyboard */ = {
			isa = PBXVariantGroup;
			children = (
				87C8AF4F1EA1B7470087A1B1 /* Base */,
			);
			name = Main.storyboard;
			sourceTree = "<group>";
		};
		87C8AF561EA1B7470087A1B1 /* LaunchScreen.storyboard */ = {
			isa = PBXVariantGroup;
			children = (
				87C8AF571EA1B7470087A1B1 /* Base */,
			);
			name = LaunchScreen.storyboard;
			sourceTree = "<group>";
		};
/* End PBXVariantGroup section */

/* Begin XCBuildConfiguration section */
		87C8AF5A1EA1B7470087A1B1 /* Debug */ = {
			isa = XCBuildConfiguration;
			buildSettings = {
				ALWAYS_SEARCH_USER_PATHS = NO;
				CLANG_ANALYZER_NONNULL = YES;
				CLANG_ANALYZER_NUMBER_OBJECT_CONVERSION = YES_AGGRESSIVE;
				CLANG_CXX_LANGUAGE_STANDARD = "gnu++0x";
				CLANG_CXX_LIBRARY = "libc++";
				CLANG_ENABLE_MODULES = YES;
				CLANG_ENABLE_OBJC_ARC = YES;
				CLANG_WARN_BOOL_CONVERSION = YES;
				CLANG_WARN_CONSTANT_CONVERSION = YES;
				CLANG_WARN_DIRECT_OBJC_ISA_USAGE = YES_ERROR;
				CLANG_WARN_DOCUMENTATION_COMMENTS = YES;
				CLANG_WARN_EMPTY_BODY = YES;
				CLANG_WARN_ENUM_CONVERSION = YES;
				CLANG_WARN_INFINITE_RECURSION = YES;
				CLANG_WARN_INT_CONVERSION = YES;
				CLANG_WARN_OBJC_ROOT_CLASS = YES_ERROR;
				CLANG_WARN_SUSPICIOUS_MOVE = YES;
				CLANG_WARN_UNREACHABLE_CODE = YES;
				CLANG_WARN__DUPLICATE_METHOD_MATCH = YES;
				"CODE_SIGN_IDENTITY[sdk=iphoneos*]" = "iPhone Developer";
				COPY_PHASE_STRIP = NO;
				DEBUG_INFORMATION_FORMAT = dwarf;
				ENABLE_STRICT_OBJC_MSGSEND = YES;
				ENABLE_TESTABILITY = YES;
				GCC_C_LANGUAGE_STANDARD = gnu99;
				GCC_DYNAMIC_NO_PIC = NO;
				GCC_NO_COMMON_BLOCKS = YES;
				GCC_OPTIMIZATION_LEVEL = 0;
				GCC_PREPROCESSOR_DEFINITIONS = (
					"DEBUG=1",
					"$(inherited)",
				);
				GCC_WARN_64_TO_32_BIT_CONVERSION = YES;
				GCC_WARN_ABOUT_RETURN_TYPE = YES_ERROR;
				GCC_WARN_UNDECLARED_SELECTOR = YES;
				GCC_WARN_UNINITIALIZED_AUTOS = YES_AGGRESSIVE;
				GCC_WARN_UNUSED_FUNCTION = YES;
				GCC_WARN_UNUSED_VARIABLE = YES;
				IPHONEOS_DEPLOYMENT_TARGET = 10.3;
				MTL_ENABLE_DEBUG_INFO = YES;
				ONLY_ACTIVE_ARCH = YES;
				SDKROOT = iphoneos;
				SWIFT_ACTIVE_COMPILATION_CONDITIONS = DEBUG;
				SWIFT_OPTIMIZATION_LEVEL = "-Onone";
				TARGETED_DEVICE_FAMILY = "1,2";
			};
			name = Debug;
		};
		87C8AF5B1EA1B7470087A1B1 /* Release */ = {
			isa = XCBuildConfiguration;
			buildSettings = {
				ALWAYS_SEARCH_USER_PATHS = NO;
				CLANG_ANALYZER_NONNULL = YES;
				CLANG_ANALYZER_NUMBER_OBJECT_CONVERSION = YES_AGGRESSIVE;
				CLANG_CXX_LANGUAGE_STANDARD = "gnu++0x";
				CLANG_CXX_LIBRARY = "libc++";
				CLANG_ENABLE_MODULES = YES;
				CLANG_ENABLE_OBJC_ARC = YES;
				CLANG_WARN_BOOL_CONVERSION = YES;
				CLANG_WARN_CONSTANT_CONVERSION = YES;
				CLANG_WARN_DIRECT_OBJC_ISA_USAGE = YES_ERROR;
				CLANG_WARN_DOCUMENTATION_COMMENTS = YES;
				CLANG_WARN_EMPTY_BODY = YES;
				CLANG_WARN_ENUM_CONVERSION = YES;
				CLANG_WARN_INFINITE_RECURSION = YES;
				CLANG_WARN_INT_CONVERSION = YES;
				CLANG_WARN_OBJC_ROOT_CLASS = YES_ERROR;
				CLANG_WARN_SUSPICIOUS_MOVE = YES;
				CLANG_WARN_UNREACHABLE_CODE = YES;
				CLANG_WARN__DUPLICATE_METHOD_MATCH = YES;
				"CODE_SIGN_IDENTITY[sdk=iphoneos*]" = "iPhone Developer";
				COPY_PHASE_STRIP = NO;
				DEBUG_INFORMATION_FORMAT = "dwarf-with-dsym";
				ENABLE_NS_ASSERTIONS = NO;
				ENABLE_STRICT_OBJC_MSGSEND = YES;
				GCC_C_LANGUAGE_STANDARD = gnu99;
				GCC_NO_COMMON_BLOCKS = YES;
				GCC_WARN_64_TO_32_BIT_CONVERSION = YES;
				GCC_WARN_ABOUT_RETURN_TYPE = YES_ERROR;
				GCC_WARN_UNDECLARED_SELECTOR = YES;
				GCC_WARN_UNINITIALIZED_AUTOS = YES_AGGRESSIVE;
				GCC_WARN_UNUSED_FUNCTION = YES;
				GCC_WARN_UNUSED_VARIABLE = YES;
				IPHONEOS_DEPLOYMENT_TARGET = 10.3;
				MTL_ENABLE_DEBUG_INFO = NO;
				SDKROOT = iphoneos;
				SWIFT_OPTIMIZATION_LEVEL = "-Owholemodule";
				TARGETED_DEVICE_FAMILY = "1,2";
				VALIDATE_PRODUCT = YES;
			};
			name = Release;
		};
		87C8AF5D1EA1B7470087A1B1 /* Debug */ = {
			isa = XCBuildConfiguration;
			buildSettings = {
				ASSETCATALOG_COMPILER_APPICON_NAME = AppIcon;
				DEVELOPMENT_TEAM = "";
				INFOPLIST_FILE = TestCoreData/Info.plist;
				LD_RUNPATH_SEARCH_PATHS = "$(inherited) @executable_path/Frameworks";
				PRODUCT_BUNDLE_IDENTIFIER = com.vnenise.TestCoreData;
				PRODUCT_NAME = "$(TARGET_NAME)";
				PROVISIONING_PROFILE_SPECIFIER = "";
				SWIFT_VERSION = 3.0;
			};
			name = Debug;
		};
		87C8AF5E1EA1B7470087A1B1 /* Release */ = {
			isa = XCBuildConfiguration;
			buildSettings = {
				ASSETCATALOG_COMPILER_APPICON_NAME = AppIcon;
				DEVELOPMENT_TEAM = "";
				INFOPLIST_FILE = TestCoreData/Info.plist;
				LD_RUNPATH_SEARCH_PATHS = "$(inherited) @executable_path/Frameworks";
				PRODUCT_BUNDLE_IDENTIFIER = com.vnenise.TestCoreData;
				PRODUCT_NAME = "$(TARGET_NAME)";
				PROVISIONING_PROFILE_SPECIFIER = "";
				SWIFT_VERSION = 3.0;
			};
			name = Release;
		};
/* End XCBuildConfiguration section */

/* Begin XCConfigurationList section */
		87C8AF421EA1B7470087A1B1 /* Build configuration list for PBXProject "TestCoreData" */ = {
			isa = XCConfigurationList;
			buildConfigurations = (
				87C8AF5A1EA1B7470087A1B1 /* Debug */,
				87C8AF5B1EA1B7470087A1B1 /* Release */,
			);
			defaultConfigurationIsVisible = 0;
			defaultConfigurationName = Release;
		};
		87C8AF5C1EA1B7470087A1B1 /* Build configuration list for PBXNativeTarget "TestCoreData" */ = {
			isa = XCConfigurationList;
			buildConfigurations = (
				87C8AF5D1EA1B7470087A1B1 /* Debug */,
				87C8AF5E1EA1B7470087A1B1 /* Release */,
			);
			defaultConfigurationIsVisible = 0;
		};
/* End XCConfigurationList section */

/* Begin XCVersionGroup section */
		87C8AF511EA1B7470087A1B1 /* TestCoreData.xcdatamodeld */ = {
			isa = XCVersionGroup;
			children = (
				87C8AF521EA1B7470087A1B1 /* TestCoreData.xcdatamodel */,
			);
			currentVersion = 87C8AF521EA1B7470087A1B1 /* TestCoreData.xcdatamodel */;
			path = TestCoreData.xcdatamodeld;
			sourceTree = "<group>";
			versionGroupType = wrapper.xcdatamodel;
		};
/* End XCVersionGroup section */
	};
	rootObject = 87C8AF3F1EA1B7470087A1B1 /* Project object */;
}
