// !$*UTF8*$!
{
	archiveVersion = 1;
	classes = {
	};
	objectVersion = 46;
	objects = {

/* Begin PBXBuildFile section */
		876583091DB47F2400351934 /* AppDelegate.swift in Sources */ = {isa = PBXBuildFile; fileRef = 876583081DB47F2400351934 /* AppDelegate.swift */; };
		8765830B1DB47F2400351934 /* ViewController.swift in Sources */ = {isa = PBXBuildFile; fileRef = 8765830A1DB47F2400351934 /* ViewController.swift */; };
		8765830E1DB47F2400351934 /* Main.storyboard in Resources */ = {isa = PBXBuildFile; fileRef = 8765830C1DB47F2400351934 /* Main.storyboard */; };
		876583101DB47F2400351934 /* Assets.xcassets in Resources */ = {isa = PBXBuildFile; fileRef = 8765830F1DB47F2400351934 /* Assets.xcassets */; };
		876583131DB47F2400351934 /* LaunchScreen.storyboard in Resources */ = {isa = PBXBuildFile; fileRef = 876583111DB47F2400351934 /* LaunchScreen.storyboard */; };
		8765831C1DB482CC00351934 /* lamp_off.png in Resources */ = {isa = PBXBuildFile; fileRef = 8765831A1DB482CC00351934 /* lamp_off.png */; };
		8765831D1DB482CC00351934 /* lamp_on.png in Resources */ = {isa = PBXBuildFile; fileRef = 8765831B1DB482CC00351934 /* lamp_on.png */; };
		8765831F1DB483AC00351934 /* ImageViewController.swift in Sources */ = {isa = PBXBuildFile; fileRef = 8765831E1DB483AC00351934 /* ImageViewController.swift */; };
		876583211DB484ED00351934 /* DateViewController.swift in Sources */ = {isa = PBXBuildFile; fileRef = 876583201DB484ED00351934 /* DateViewController.swift */; };
		876583251DB488C800351934 /* Calendar32.png in Resources */ = {isa = PBXBuildFile; fileRef = 876583221DB488C800351934 /* Calendar32.png */; };
		876583261DB488C800351934 /* File.png in Resources */ = {isa = PBXBuildFile; fileRef = 876583231DB488C800351934 /* File.png */; };
		876583271DB488C800351934 /* Pictures32.png in Resources */ = {isa = PBXBuildFile; fileRef = 876583241DB488C800351934 /* Pictures32.png */; };
		876583291DB4922100351934 /* ImageViewerController.swift in Sources */ = {isa = PBXBuildFile; fileRef = 876583281DB4922100351934 /* ImageViewerController.swift */; };
		876583341DB4927900351934 /* 1.jpg in Resources */ = {isa = PBXBuildFile; fileRef = 8765832A1DB4927900351934 /* 1.jpg */; };
		876583351DB4927900351934 /* 2.jpg in Resources */ = {isa = PBXBuildFile; fileRef = 8765832B1DB4927900351934 /* 2.jpg */; };
		876583361DB4927900351934 /* 3.jpg in Resources */ = {isa = PBXBuildFile; fileRef = 8765832C1DB4927900351934 /* 3.jpg */; };
		876583371DB4927900351934 /* 4.jpg in Resources */ = {isa = PBXBuildFile; fileRef = 8765832D1DB4927900351934 /* 4.jpg */; };
		876583381DB4927900351934 /* 5.jpg in Resources */ = {isa = PBXBuildFile; fileRef = 8765832E1DB4927900351934 /* 5.jpg */; };
		876583391DB4927900351934 /* 6.jpg in Resources */ = {isa = PBXBuildFile; fileRef = 8765832F1DB4927900351934 /* 6.jpg */; };
		8765833A1DB4927900351934 /* 7.jpg in Resources */ = {isa = PBXBuildFile; fileRef = 876583301DB4927900351934 /* 7.jpg */; };
		8765833B1DB4927900351934 /* 8.jpg in Resources */ = {isa = PBXBuildFile; fileRef = 876583311DB4927900351934 /* 8.jpg */; };
		8765833C1DB4927900351934 /* 9.jpg in Resources */ = {isa = PBXBuildFile; fileRef = 876583321DB4927900351934 /* 9.jpg */; };
		8765833D1DB4927900351934 /* 10.jpg in Resources */ = {isa = PBXBuildFile; fileRef = 876583331DB4927900351934 /* 10.jpg */; };
/* End PBXBuildFile section */

/* Begin PBXFileReference section */
		876583051DB47F2400351934 /* TabView.app */ = {isa = PBXFileReference; explicitFileType = wrapper.application; includeInIndex = 0; path = TabView.app; sourceTree = BUILT_PRODUCTS_DIR; };
		876583081DB47F2400351934 /* AppDelegate.swift */ = {isa = PBXFileReference; lastKnownFileType = sourcecode.swift; path = AppDelegate.swift; sourceTree = "<group>"; };
		8765830A1DB47F2400351934 /* ViewController.swift */ = {isa = PBXFileReference; lastKnownFileType = sourcecode.swift; path = ViewController.swift; sourceTree = "<group>"; };
		8765830D1DB47F2400351934 /* Base */ = {isa = PBXFileReference; lastKnownFileType = file.storyboard; name = Base; path = Base.lproj/Main.storyboard; sourceTree = "<group>"; };
		8765830F1DB47F2400351934 /* Assets.xcassets */ = {isa = PBXFileReference; lastKnownFileType = folder.assetcatalog; path = Assets.xcassets; sourceTree = "<group>"; };
		876583121DB47F2400351934 /* Base */ = {isa = PBXFileReference; lastKnownFileType = file.storyboard; name = Base; path = Base.lproj/LaunchScreen.storyboard; sourceTree = "<group>"; };
		876583141DB47F2400351934 /* Info.plist */ = {isa = PBXFileReference; lastKnownFileType = text.plist.xml; path = Info.plist; sourceTree = "<group>"; };
		8765831A1DB482CC00351934 /* lamp_off.png */ = {isa = PBXFileReference; lastKnownFileType = image.png; path = lamp_off.png; sourceTree = "<group>"; };
		8765831B1DB482CC00351934 /* lamp_on.png */ = {isa = PBXFileReference; lastKnownFileType = image.png; path = lamp_on.png; sourceTree = "<group>"; };
		8765831E1DB483AC00351934 /* ImageViewController.swift */ = {isa = PBXFileReference; fileEncoding = 4; lastKnownFileType = sourcecode.swift; path = ImageViewController.swift; sourceTree = "<group>"; };
		876583201DB484ED00351934 /* DateViewController.swift */ = {isa = PBXFileReference; fileEncoding = 4; lastKnownFileType = sourcecode.swift; path = DateViewController.swift; sourceTree = "<group>"; };
		876583221DB488C800351934 /* Calendar32.png */ = {isa = PBXFileReference; lastKnownFileType = image.png; path = Calendar32.png; sourceTree = "<group>"; };
		876583231DB488C800351934 /* File.png */ = {isa = PBXFileReference; lastKnownFileType = image.png; path = File.png; sourceTree = "<group>"; };
		876583241DB488C800351934 /* Pictures32.png */ = {isa = PBXFileReference; lastKnownFileType = image.png; path = Pictures32.png; sourceTree = "<group>"; };
		876583281DB4922100351934 /* ImageViewerController.swift */ = {isa = PBXFileReference; fileEncoding = 4; lastKnownFileType = sourcecode.swift; path = ImageViewerController.swift; sourceTree = "<group>"; };
		8765832A1DB4927900351934 /* 1.jpg */ = {isa = PBXFileReference; lastKnownFileType = image.jpeg; path = 1.jpg; sourceTree = "<group>"; };
		8765832B1DB4927900351934 /* 2.jpg */ = {isa = PBXFileReference; lastKnownFileType = image.jpeg; path = 2.jpg; sourceTree = "<group>"; };
		8765832C1DB4927900351934 /* 3.jpg */ = {isa = PBXFileReference; lastKnownFileType = image.jpeg; path = 3.jpg; sourceTree = "<group>"; };
		8765832D1DB4927900351934 /* 4.jpg */ = {isa = PBXFileReference; lastKnownFileType = image.jpeg; path = 4.jpg; sourceTree = "<group>"; };
		8765832E1DB4927900351934 /* 5.jpg */ = {isa = PBXFileReference; lastKnownFileType = image.jpeg; path = 5.jpg; sourceTree = "<group>"; };
		8765832F1DB4927900351934 /* 6.jpg */ = {isa = PBXFileReference; lastKnownFileType = image.jpeg; path = 6.jpg; sourceTree = "<group>"; };
		876583301DB4927900351934 /* 7.jpg */ = {isa = PBXFileReference; lastKnownFileType = image.jpeg; path = 7.jpg; sourceTree = "<group>"; };
		876583311DB4927900351934 /* 8.jpg */ = {isa = PBXFileReference; lastKnownFileType = image.jpeg; path = 8.jpg; sourceTree = "<group>"; };
		876583321DB4927900351934 /* 9.jpg */ = {isa = PBXFileReference; lastKnownFileType = image.jpeg; path = 9.jpg; sourceTree = "<group>"; };
		876583331DB4927900351934 /* 10.jpg */ = {isa = PBXFileReference; lastKnownFileType = image.jpeg; path = 10.jpg; sourceTree = "<group>"; };
/* End PBXFileReference section */

/* Begin PBXFrameworksBuildPhase section */
		876583021DB47F2300351934 /* Frameworks */ = {
			isa = PBXFrameworksBuildPhase;
			buildActionMask = 2147483647;
			files = (
			);
			runOnlyForDeploymentPostprocessing = 0;
		};
/* End PBXFrameworksBuildPhase section */

/* Begin PBXGroup section */
		876582FC1DB47F2300351934 = {
			isa = PBXGroup;
			children = (
				876583071DB47F2400351934 /* TabView */,
				876583061DB47F2400351934 /* Products */,
			);
			sourceTree = "<group>";
		};
		876583061DB47F2400351934 /* Products */ = {
			isa = PBXGroup;
			children = (
				876583051DB47F2400351934 /* TabView.app */,
			);
			name = Products;
			sourceTree = "<group>";
		};
		876583071DB47F2400351934 /* TabView */ = {
			isa = PBXGroup;
			children = (
				8765832A1DB4927900351934 /* 1.jpg */,
				8765832B1DB4927900351934 /* 2.jpg */,
				8765832C1DB4927900351934 /* 3.jpg */,
				8765832D1DB4927900351934 /* 4.jpg */,
				8765832E1DB4927900351934 /* 5.jpg */,
				8765832F1DB4927900351934 /* 6.jpg */,
				876583301DB4927900351934 /* 7.jpg */,
				876583311DB4927900351934 /* 8.jpg */,
				876583321DB4927900351934 /* 9.jpg */,
				876583331DB4927900351934 /* 10.jpg */,
				8765831A1DB482CC00351934 /* lamp_off.png */,
				8765831B1DB482CC00351934 /* lamp_on.png */,
				876583221DB488C800351934 /* Calendar32.png */,
				876583231DB488C800351934 /* File.png */,
				876583241DB488C800351934 /* Pictures32.png */,
				876583081DB47F2400351934 /* AppDelegate.swift */,
				8765830A1DB47F2400351934 /* ViewController.swift */,
				876583281DB4922100351934 /* ImageViewerController.swift */,
				876583201DB484ED00351934 /* DateViewController.swift */,
				8765831E1DB483AC00351934 /* ImageViewController.swift */,
				8765830C1DB47F2400351934 /* Main.storyboard */,
				8765830F1DB47F2400351934 /* Assets.xcassets */,
				876583111DB47F2400351934 /* LaunchScreen.storyboard */,
				876583141DB47F2400351934 /* Info.plist */,
			);
			path = TabView;
			sourceTree = "<group>";
		};
/* End PBXGroup section */

/* Begin PBXNativeTarget section */
		876583041DB47F2300351934 /* TabView */ = {
			isa = PBXNativeTarget;
			buildConfigurationList = 876583171DB47F2400351934 /* Build configuration list for PBXNativeTarget "TabView" */;
			buildPhases = (
				876583011DB47F2300351934 /* Sources */,
				876583021DB47F2300351934 /* Frameworks */,
				876583031DB47F2300351934 /* Resources */,
			);
			buildRules = (
			);
			dependencies = (
			);
			name = TabView;
			productName = TabView;
			productReference = 876583051DB47F2400351934 /* TabView.app */;
			productType = "com.apple.product-type.application";
		};
/* End PBXNativeTarget section */

/* Begin PBXProject section */
		876582FD1DB47F2300351934 /* Project object */ = {
			isa = PBXProject;
			attributes = {
				LastSwiftUpdateCheck = 0800;
				LastUpgradeCheck = 0800;
				ORGANIZATIONNAME = vnenise;
				TargetAttributes = {
					876583041DB47F2300351934 = {
						CreatedOnToolsVersion = 8.0;
						ProvisioningStyle = Manual;
					};
				};
			};
			buildConfigurationList = 876583001DB47F2300351934 /* Build configuration list for PBXProject "TabView" */;
			compatibilityVersion = "Xcode 3.2";
			developmentRegion = English;
			hasScannedForEncodings = 0;
			knownRegions = (
				en,
				Base,
			);
			mainGroup = 876582FC1DB47F2300351934;
			productRefGroup = 876583061DB47F2400351934 /* Products */;
			projectDirPath = "";
			projectRoot = "";
			targets = (
				876583041DB47F2300351934 /* TabView */,
			);
		};
/* End PBXProject section */

/* Begin PBXResourcesBuildPhase section */
		876583031DB47F2300351934 /* Resources */ = {
			isa = PBXResourcesBuildPhase;
			buildActionMask = 2147483647;
			files = (
				876583391DB4927900351934 /* 6.jpg in Resources */,
				876583371DB4927900351934 /* 4.jpg in Resources */,
				876583361DB4927900351934 /* 3.jpg in Resources */,
				876583251DB488C800351934 /* Calendar32.png in Resources */,
				8765833D1DB4927900351934 /* 10.jpg in Resources */,
				876583131DB47F2400351934 /* LaunchScreen.storyboard in Resources */,
				876583351DB4927900351934 /* 2.jpg in Resources */,
				876583101DB47F2400351934 /* Assets.xcassets in Resources */,
				876583261DB488C800351934 /* File.png in Resources */,
				876583381DB4927900351934 /* 5.jpg in Resources */,
				8765831D1DB482CC00351934 /* lamp_on.png in Resources */,
				876583271DB488C800351934 /* Pictures32.png in Resources */,
				876583341DB4927900351934 /* 1.jpg in Resources */,
				8765833C1DB4927900351934 /* 9.jpg in Resources */,
				8765833B1DB4927900351934 /* 8.jpg in Resources */,
				8765833A1DB4927900351934 /* 7.jpg in Resources */,
				8765830E1DB47F2400351934 /* Main.storyboard in Resources */,
				8765831C1DB482CC00351934 /* lamp_off.png in Resources */,
			);
			runOnlyForDeploymentPostprocessing = 0;
		};
/* End PBXResourcesBuildPhase section */

/* Begin PBXSourcesBuildPhase section */
		876583011DB47F2300351934 /* Sources */ = {
			isa = PBXSourcesBuildPhase;
			buildActionMask = 2147483647;
			files = (
				876583211DB484ED00351934 /* DateViewController.swift in Sources */,
				8765830B1DB47F2400351934 /* ViewController.swift in Sources */,
				876583291DB4922100351934 /* ImageViewerController.swift in Sources */,
				8765831F1DB483AC00351934 /* ImageViewController.swift in Sources */,
				876583091DB47F2400351934 /* AppDelegate.swift in Sources */,
			);
			runOnlyForDeploymentPostprocessing = 0;
		};
/* End PBXSourcesBuildPhase section */

/* Begin PBXVariantGroup section */
		8765830C1DB47F2400351934 /* Main.storyboard */ = {
			isa = PBXVariantGroup;
			children = (
				8765830D1DB47F2400351934 /* Base */,
			);
			name = Main.storyboard;
			sourceTree = "<group>";
		};
		876583111DB47F2400351934 /* LaunchScreen.storyboard */ = {
			isa = PBXVariantGroup;
			children = (
				876583121DB47F2400351934 /* Base */,
			);
			name = LaunchScreen.storyboard;
			sourceTree = "<group>";
		};
/* End PBXVariantGroup section */

/* Begin XCBuildConfiguration section */
		876583151DB47F2400351934 /* Debug */ = {
			isa = XCBuildConfiguration;
			buildSettings = {
				ALWAYS_SEARCH_USER_PATHS = NO;
				CLANG_ANALYZER_NONNULL = YES;
				CLANG_CXX_LANGUAGE_STANDARD = "gnu++0x";
				CLANG_CXX_LIBRARY = "libc++";
				CLANG_ENABLE_MODULES = YES;
				CLANG_ENABLE_OBJC_ARC = YES;
				CLANG_WARN_BOOL_CONVERSION = YES;
				CLANG_WARN_CONSTANT_CONVERSION = YES;
				CLANG_WARN_DIRECT_OBJC_ISA_USAGE = YES_ERROR;
				CLANG_WARN_DOCUMENTATION_COMMENTS = YES;
				CLANG_WARN_EMPTY_BODY = YES;
				CLANG_WARN_ENUM_CONVERSION = YES;
				CLANG_WARN_INFINITE_RECURSION = YES;
				CLANG_WARN_INT_CONVERSION = YES;
				CLANG_WARN_OBJC_ROOT_CLASS = YES_ERROR;
				CLANG_WARN_SUSPICIOUS_MOVES = YES;
				CLANG_WARN_UNREACHABLE_CODE = YES;
				CLANG_WARN__DUPLICATE_METHOD_MATCH = YES;
				"CODE_SIGN_IDENTITY[sdk=iphoneos*]" = "iPhone Developer";
				COPY_PHASE_STRIP = NO;
				DEBUG_INFORMATION_FORMAT = dwarf;
				ENABLE_STRICT_OBJC_MSGSEND = YES;
				ENABLE_TESTABILITY = YES;
				GCC_C_LANGUAGE_STANDARD = gnu99;
				GCC_DYNAMIC_NO_PIC = NO;
				GCC_NO_COMMON_BLOCKS = YES;
				GCC_OPTIMIZATION_LEVEL = 0;
				GCC_PREPROCESSOR_DEFINITIONS = (
					"DEBUG=1",
					"$(inherited)",
				);
				GCC_WARN_64_TO_32_BIT_CONVERSION = YES;
				GCC_WARN_ABOUT_RETURN_TYPE = YES_ERROR;
				GCC_WARN_UNDECLARED_SELECTOR = YES;
				GCC_WARN_UNINITIALIZED_AUTOS = YES_AGGRESSIVE;
				GCC_WARN_UNUSED_FUNCTION = YES;
				GCC_WARN_UNUSED_VARIABLE = YES;
				IPHONEOS_DEPLOYMENT_TARGET = 10.0;
				MTL_ENABLE_DEBUG_INFO = YES;
				ONLY_ACTIVE_ARCH = YES;
				SDKROOT = iphoneos;
				SWIFT_ACTIVE_COMPILATION_CONDITIONS = DEBUG;
				SWIFT_OPTIMIZATION_LEVEL = "-Onone";
			};
			name = Debug;
		};
		876583161DB47F2400351934 /* Release */ = {
			isa = XCBuildConfiguration;
			buildSettings = {
				ALWAYS_SEARCH_USER_PATHS = NO;
				CLANG_ANALYZER_NONNULL = YES;
				CLANG_CXX_LANGUAGE_STANDARD = "gnu++0x";
				CLANG_CXX_LIBRARY = "libc++";
				CLANG_ENABLE_MODULES = YES;
				CLANG_ENABLE_OBJC_ARC = YES;
				CLANG_WARN_BOOL_CONVERSION = YES;
				CLANG_WARN_CONSTANT_CONVERSION = YES;
				CLANG_WARN_DIRECT_OBJC_ISA_USAGE = YES_ERROR;
				CLANG_WARN_DOCUMENTATION_COMMENTS = YES;
				CLANG_WARN_EMPTY_BODY = YES;
				CLANG_WARN_ENUM_CONVERSION = YES;
				CLANG_WARN_INFINITE_RECURSION = YES;
				CLANG_WARN_INT_CONVERSION = YES;
				CLANG_WARN_OBJC_ROOT_CLASS = YES_ERROR;
				CLANG_WARN_SUSPICIOUS_MOVES = YES;
				CLANG_WARN_UNREACHABLE_CODE = YES;
				CLANG_WARN__DUPLICATE_METHOD_MATCH = YES;
				"CODE_SIGN_IDENTITY[sdk=iphoneos*]" = "iPhone Developer";
				COPY_PHASE_STRIP = NO;
				DEBUG_INFORMATION_FORMAT = "dwarf-with-dsym";
				ENABLE_NS_ASSERTIONS = NO;
				ENABLE_STRICT_OBJC_MSGSEND = YES;
				GCC_C_LANGUAGE_STANDARD = gnu99;
				GCC_NO_COMMON_BLOCKS = YES;
				GCC_WARN_64_TO_32_BIT_CONVERSION = YES;
				GCC_WARN_ABOUT_RETURN_TYPE = YES_ERROR;
				GCC_WARN_UNDECLARED_SELECTOR = YES;
				GCC_WARN_UNINITIALIZED_AUTOS = YES_AGGRESSIVE;
				GCC_WARN_UNUSED_FUNCTION = YES;
				GCC_WARN_UNUSED_VARIABLE = YES;
				IPHONEOS_DEPLOYMENT_TARGET = 10.0;
				MTL_ENABLE_DEBUG_INFO = NO;
				SDKROOT = iphoneos;
				SWIFT_OPTIMIZATION_LEVEL = "-Owholemodule";
				VALIDATE_PRODUCT = YES;
			};
			name = Release;
		};
		876583181DB47F2400351934 /* Debug */ = {
			isa = XCBuildConfiguration;
			buildSettings = {
				ASSETCATALOG_COMPILER_APPICON_NAME = AppIcon;
				DEVELOPMENT_TEAM = "";
				INFOPLIST_FILE = TabView/Info.plist;
				LD_RUNPATH_SEARCH_PATHS = "$(inherited) @executable_path/Frameworks";
				PRODUCT_BUNDLE_IDENTIFIER = com.vnenise.TabView;
				PRODUCT_NAME = "$(TARGET_NAME)";
				SWIFT_VERSION = 3.0;
			};
			name = Debug;
		};
		876583191DB47F2400351934 /* Release */ = {
			isa = XCBuildConfiguration;
			buildSettings = {
				ASSETCATALOG_COMPILER_APPICON_NAME = AppIcon;
				DEVELOPMENT_TEAM = "";
				INFOPLIST_FILE = TabView/Info.plist;
				LD_RUNPATH_SEARCH_PATHS = "$(inherited) @executable_path/Frameworks";
				PRODUCT_BUNDLE_IDENTIFIER = com.vnenise.TabView;
				PRODUCT_NAME = "$(TARGET_NAME)";
				SWIFT_VERSION = 3.0;
			};
			name = Release;
		};
/* End XCBuildConfiguration section */

/* Begin XCConfigurationList section */
		876583001DB47F2300351934 /* Build configuration list for PBXProject "TabView" */ = {
			isa = XCConfigurationList;
			buildConfigurations = (
				876583151DB47F2400351934 /* Debug */,
				876583161DB47F2400351934 /* Release */,
			);
			defaultConfigurationIsVisible = 0;
			defaultConfigurationName = Release;
		};
		876583171DB47F2400351934 /* Build configuration list for PBXNativeTarget "TabView" */ = {
			isa = XCConfigurationList;
			buildConfigurations = (
				876583181DB47F2400351934 /* Debug */,
				876583191DB47F2400351934 /* Release */,
			);
			defaultConfigurationIsVisible = 0;
			defaultConfigurationName = Release;
		};
/* End XCConfigurationList section */
	};
	rootObject = 876582FD1DB47F2300351934 /* Project object */;
}
