// !$*UTF8*$!
{
	archiveVersion = 1;
	classes = {
	};
	objectVersion = 46;
	objects = {

/* Begin PBXBuildFile section */
		8720721C1DEFC9DF00C47C45 /* Calendar32.png in Resources */ = {isa = PBXBuildFile; fileRef = 8720720D1DEFC9DF00C47C45 /* Calendar32.png */; };
		8720721D1DEFC9DF00C47C45 /* File.png in Resources */ = {isa = PBXBuildFile; fileRef = 8720720E1DEFC9DF00C47C45 /* File.png */; };
		8720721E1DEFC9DF00C47C45 /* lamp_off.png in Resources */ = {isa = PBXBuildFile; fileRef = 8720720F1DEFC9DF00C47C45 /* lamp_off.png */; };
		8720721F1DEFC9DF00C47C45 /* lamp_on.png in Resources */ = {isa = PBXBuildFile; fileRef = 872072101DEFC9DF00C47C45 /* lamp_on.png */; };
		872072201DEFC9DF00C47C45 /* Pictures32.png in Resources */ = {isa = PBXBuildFile; fileRef = 872072111DEFC9DF00C47C45 /* Pictures32.png */; };
		872072221DEFCA2800C47C45 /* TabBarController.swift in Sources */ = {isa = PBXBuildFile; fileRef = 872072211DEFCA2800C47C45 /* TabBarController.swift */; };
		87B39A861DEFB78600251AE9 /* AppDelegate.swift in Sources */ = {isa = PBXBuildFile; fileRef = 87B39A851DEFB78600251AE9 /* AppDelegate.swift */; };
		87B39A881DEFB78600251AE9 /* ViewController.swift in Sources */ = {isa = PBXBuildFile; fileRef = 87B39A871DEFB78600251AE9 /* ViewController.swift */; };
		87B39A8B1DEFB78600251AE9 /* Main.storyboard in Resources */ = {isa = PBXBuildFile; fileRef = 87B39A891DEFB78600251AE9 /* Main.storyboard */; };
		87B39A8D1DEFB78600251AE9 /* Assets.xcassets in Resources */ = {isa = PBXBuildFile; fileRef = 87B39A8C1DEFB78600251AE9 /* Assets.xcassets */; };
		87B39A901DEFB78600251AE9 /* LaunchScreen.storyboard in Resources */ = {isa = PBXBuildFile; fileRef = 87B39A8E1DEFB78600251AE9 /* LaunchScreen.storyboard */; };
		87B39AB11DEFC02400251AE9 /* ImageViewController.swift in Sources */ = {isa = PBXBuildFile; fileRef = 87B39AB01DEFC02400251AE9 /* ImageViewController.swift */; };
		87B39AB31DEFC04D00251AE9 /* DateViewController.swift in Sources */ = {isa = PBXBuildFile; fileRef = 87B39AB21DEFC04D00251AE9 /* DateViewController.swift */; };
/* End PBXBuildFile section */

/* Begin PBXFileReference section */
		8720720D1DEFC9DF00C47C45 /* Calendar32.png */ = {isa = PBXFileReference; lastKnownFileType = image.png; path = Calendar32.png; sourceTree = "<group>"; };
		8720720E1DEFC9DF00C47C45 /* File.png */ = {isa = PBXFileReference; lastKnownFileType = image.png; path = File.png; sourceTree = "<group>"; };
		8720720F1DEFC9DF00C47C45 /* lamp_off.png */ = {isa = PBXFileReference; lastKnownFileType = image.png; path = lamp_off.png; sourceTree = "<group>"; };
		872072101DEFC9DF00C47C45 /* lamp_on.png */ = {isa = PBXFileReference; lastKnownFileType = image.png; path = lamp_on.png; sourceTree = "<group>"; };
		872072111DEFC9DF00C47C45 /* Pictures32.png */ = {isa = PBXFileReference; lastKnownFileType = image.png; path = Pictures32.png; sourceTree = "<group>"; };
		872072211DEFCA2800C47C45 /* TabBarController.swift */ = {isa = PBXFileReference; fileEncoding = 4; lastKnownFileType = sourcecode.swift; path = TabBarController.swift; sourceTree = "<group>"; };
		87B39A821DEFB78600251AE9 /* Tab.app */ = {isa = PBXFileReference; explicitFileType = wrapper.application; includeInIndex = 0; path = Tab.app; sourceTree = BUILT_PRODUCTS_DIR; };
		87B39A851DEFB78600251AE9 /* AppDelegate.swift */ = {isa = PBXFileReference; lastKnownFileType = sourcecode.swift; path = AppDelegate.swift; sourceTree = "<group>"; };
		87B39A871DEFB78600251AE9 /* ViewController.swift */ = {isa = PBXFileReference; lastKnownFileType = sourcecode.swift; path = ViewController.swift; sourceTree = "<group>"; };
		87B39A8A1DEFB78600251AE9 /* Base */ = {isa = PBXFileReference; lastKnownFileType = file.storyboard; name = Base; path = Base.lproj/Main.storyboard; sourceTree = "<group>"; };
		87B39A8C1DEFB78600251AE9 /* Assets.xcassets */ = {isa = PBXFileReference; lastKnownFileType = folder.assetcatalog; path = Assets.xcassets; sourceTree = "<group>"; };
		87B39A8F1DEFB78600251AE9 /* Base */ = {isa = PBXFileReference; lastKnownFileType = file.storyboard; name = Base; path = Base.lproj/LaunchScreen.storyboard; sourceTree = "<group>"; };
		87B39A911DEFB78600251AE9 /* Info.plist */ = {isa = PBXFileReference; lastKnownFileType = text.plist.xml; path = Info.plist; sourceTree = "<group>"; };
		87B39AB01DEFC02400251AE9 /* ImageViewController.swift */ = {isa = PBXFileReference; fileEncoding = 4; lastKnownFileType = sourcecode.swift; path = ImageViewController.swift; sourceTree = "<group>"; };
		87B39AB21DEFC04D00251AE9 /* DateViewController.swift */ = {isa = PBXFileReference; fileEncoding = 4; lastKnownFileType = sourcecode.swift; path = DateViewController.swift; sourceTree = "<group>"; };
/* End PBXFileReference section */

/* Begin PBXFrameworksBuildPhase section */
		87B39A7F1DEFB78600251AE9 /* Frameworks */ = {
			isa = PBXFrameworksBuildPhase;
			buildActionMask = 2147483647;
			files = (
			);
			runOnlyForDeploymentPostprocessing = 0;
		};
/* End PBXFrameworksBuildPhase section */

/* Begin PBXGroup section */
		872072021DEFC9D100C47C45 /* resource */ = {
			isa = PBXGroup;
			children = (
				8720720D1DEFC9DF00C47C45 /* Calendar32.png */,
				8720720E1DEFC9DF00C47C45 /* File.png */,
				8720720F1DEFC9DF00C47C45 /* lamp_off.png */,
				872072101DEFC9DF00C47C45 /* lamp_on.png */,
				872072111DEFC9DF00C47C45 /* Pictures32.png */,
			);
			name = resource;
			sourceTree = "<group>";
		};
		87B39A791DEFB78600251AE9 = {
			isa = PBXGroup;
			children = (
				87B39A841DEFB78600251AE9 /* Tab */,
				87B39A831DEFB78600251AE9 /* Products */,
			);
			sourceTree = "<group>";
		};
		87B39A831DEFB78600251AE9 /* Products */ = {
			isa = PBXGroup;
			children = (
				87B39A821DEFB78600251AE9 /* Tab.app */,
			);
			name = Products;
			sourceTree = "<group>";
		};
		87B39A841DEFB78600251AE9 /* Tab */ = {
			isa = PBXGroup;
			children = (
				872072021DEFC9D100C47C45 /* resource */,
				87B39A851DEFB78600251AE9 /* AppDelegate.swift */,
				872072211DEFCA2800C47C45 /* TabBarController.swift */,
				87B39A871DEFB78600251AE9 /* ViewController.swift */,
				87B39AB01DEFC02400251AE9 /* ImageViewController.swift */,
				87B39AB21DEFC04D00251AE9 /* DateViewController.swift */,
				87B39A891DEFB78600251AE9 /* Main.storyboard */,
				87B39A8C1DEFB78600251AE9 /* Assets.xcassets */,
				87B39A8E1DEFB78600251AE9 /* LaunchScreen.storyboard */,
				87B39A911DEFB78600251AE9 /* Info.plist */,
			);
			path = Tab;
			sourceTree = "<group>";
		};
/* End PBXGroup section */

/* Begin PBXNativeTarget section */
		87B39A811DEFB78600251AE9 /* Tab */ = {
			isa = PBXNativeTarget;
			buildConfigurationList = 87B39A941DEFB78600251AE9 /* Build configuration list for PBXNativeTarget "Tab" */;
			buildPhases = (
				87B39A7E1DEFB78600251AE9 /* Sources */,
				87B39A7F1DEFB78600251AE9 /* Frameworks */,
				87B39A801DEFB78600251AE9 /* Resources */,
			);
			buildRules = (
			);
			dependencies = (
			);
			name = Tab;
			productName = Tab;
			productReference = 87B39A821DEFB78600251AE9 /* Tab.app */;
			productType = "com.apple.product-type.application";
		};
/* End PBXNativeTarget section */

/* Begin PBXProject section */
		87B39A7A1DEFB78600251AE9 /* Project object */ = {
			isa = PBXProject;
			attributes = {
				LastSwiftUpdateCheck = 0810;
				LastUpgradeCheck = 0810;
				ORGANIZATIONNAME = vnenise;
				TargetAttributes = {
					87B39A811DEFB78600251AE9 = {
						CreatedOnToolsVersion = 8.1;
						LastSwiftMigration = 0810;
						ProvisioningStyle = Automatic;
					};
				};
			};
			buildConfigurationList = 87B39A7D1DEFB78600251AE9 /* Build configuration list for PBXProject "Tab" */;
			compatibilityVersion = "Xcode 3.2";
			developmentRegion = English;
			hasScannedForEncodings = 0;
			knownRegions = (
				en,
				Base,
			);
			mainGroup = 87B39A791DEFB78600251AE9;
			productRefGroup = 87B39A831DEFB78600251AE9 /* Products */;
			projectDirPath = "";
			projectRoot = "";
			targets = (
				87B39A811DEFB78600251AE9 /* Tab */,
			);
		};
/* End PBXProject section */

/* Begin PBXResourcesBuildPhase section */
		87B39A801DEFB78600251AE9 /* Resources */ = {
			isa = PBXResourcesBuildPhase;
			buildActionMask = 2147483647;
			files = (
				8720721F1DEFC9DF00C47C45 /* lamp_on.png in Resources */,
				8720721E1DEFC9DF00C47C45 /* lamp_off.png in Resources */,
				87B39A901DEFB78600251AE9 /* LaunchScreen.storyboard in Resources */,
				8720721C1DEFC9DF00C47C45 /* Calendar32.png in Resources */,
				8720721D1DEFC9DF00C47C45 /* File.png in Resources */,
				87B39A8D1DEFB78600251AE9 /* Assets.xcassets in Resources */,
				87B39A8B1DEFB78600251AE9 /* Main.storyboard in Resources */,
				872072201DEFC9DF00C47C45 /* Pictures32.png in Resources */,
			);
			runOnlyForDeploymentPostprocessing = 0;
		};
/* End PBXResourcesBuildPhase section */

/* Begin PBXSourcesBuildPhase section */
		87B39A7E1DEFB78600251AE9 /* Sources */ = {
			isa = PBXSourcesBuildPhase;
			buildActionMask = 2147483647;
			files = (
				87B39AB31DEFC04D00251AE9 /* DateViewController.swift in Sources */,
				87B39A881DEFB78600251AE9 /* ViewController.swift in Sources */,
				87B39AB11DEFC02400251AE9 /* ImageViewController.swift in Sources */,
				872072221DEFCA2800C47C45 /* TabBarController.swift in Sources */,
				87B39A861DEFB78600251AE9 /* AppDelegate.swift in Sources */,
			);
			runOnlyForDeploymentPostprocessing = 0;
		};
/* End PBXSourcesBuildPhase section */

/* Begin PBXVariantGroup section */
		87B39A891DEFB78600251AE9 /* Main.storyboard */ = {
			isa = PBXVariantGroup;
			children = (
				87B39A8A1DEFB78600251AE9 /* Base */,
			);
			name = Main.storyboard;
			sourceTree = "<group>";
		};
		87B39A8E1DEFB78600251AE9 /* LaunchScreen.storyboard */ = {
			isa = PBXVariantGroup;
			children = (
				87B39A8F1DEFB78600251AE9 /* Base */,
			);
			name = LaunchScreen.storyboard;
			sourceTree = "<group>";
		};
/* End PBXVariantGroup section */

/* Begin XCBuildConfiguration section */
		87B39A921DEFB78600251AE9 /* Debug */ = {
			isa = XCBuildConfiguration;
			buildSettings = {
				ALWAYS_SEARCH_USER_PATHS = NO;
				CLANG_ANALYZER_NONNULL = YES;
				CLANG_CXX_LANGUAGE_STANDARD = "gnu++0x";
				CLANG_CXX_LIBRARY = "libc++";
				CLANG_ENABLE_MODULES = YES;
				CLANG_ENABLE_OBJC_ARC = YES;
				CLANG_WARN_BOOL_CONVERSION = YES;
				CLANG_WARN_CONSTANT_CONVERSION = YES;
				CLANG_WARN_DIRECT_OBJC_ISA_USAGE = YES_ERROR;
				CLANG_WARN_DOCUMENTATION_COMMENTS = YES;
				CLANG_WARN_EMPTY_BODY = YES;
				CLANG_WARN_ENUM_CONVERSION = YES;
				CLANG_WARN_INFINITE_RECURSION = YES;
				CLANG_WARN_INT_CONVERSION = YES;
				CLANG_WARN_OBJC_ROOT_CLASS = YES_ERROR;
				CLANG_WARN_SUSPICIOUS_MOVES = YES;
				CLANG_WARN_UNREACHABLE_CODE = YES;
				CLANG_WARN__DUPLICATE_METHOD_MATCH = YES;
				"CODE_SIGN_IDENTITY[sdk=iphoneos*]" = "iPhone Developer";
				COPY_PHASE_STRIP = NO;
				DEBUG_INFORMATION_FORMAT = dwarf;
				ENABLE_STRICT_OBJC_MSGSEND = YES;
				ENABLE_TESTABILITY = YES;
				GCC_C_LANGUAGE_STANDARD = gnu99;
				GCC_DYNAMIC_NO_PIC = NO;
				GCC_NO_COMMON_BLOCKS = YES;
				GCC_OPTIMIZATION_LEVEL = 0;
				GCC_PREPROCESSOR_DEFINITIONS = (
					"DEBUG=1",
					"$(inherited)",
				);
				GCC_WARN_64_TO_32_BIT_CONVERSION = YES;
				GCC_WARN_ABOUT_RETURN_TYPE = YES_ERROR;
				GCC_WARN_UNDECLARED_SELECTOR = YES;
				GCC_WARN_UNINITIALIZED_AUTOS = YES_AGGRESSIVE;
				GCC_WARN_UNUSED_FUNCTION = YES;
				GCC_WARN_UNUSED_VARIABLE = YES;
				IPHONEOS_DEPLOYMENT_TARGET = 10.1;
				MTL_ENABLE_DEBUG_INFO = YES;
				ONLY_ACTIVE_ARCH = YES;
				SDKROOT = iphoneos;
				SWIFT_ACTIVE_COMPILATION_CONDITIONS = DEBUG;
				SWIFT_OPTIMIZATION_LEVEL = "-Onone";
			};
			name = Debug;
		};
		87B39A931DEFB78600251AE9 /* Release */ = {
			isa = XCBuildConfiguration;
			buildSettings = {
				ALWAYS_SEARCH_USER_PATHS = NO;
				CLANG_ANALYZER_NONNULL = YES;
				CLANG_CXX_LANGUAGE_STANDARD = "gnu++0x";
				CLANG_CXX_LIBRARY = "libc++";
				CLANG_ENABLE_MODULES = YES;
				CLANG_ENABLE_OBJC_ARC = YES;
				CLANG_WARN_BOOL_CONVERSION = YES;
				CLANG_WARN_CONSTANT_CONVERSION = YES;
				CLANG_WARN_DIRECT_OBJC_ISA_USAGE = YES_ERROR;
				CLANG_WARN_DOCUMENTATION_COMMENTS = YES;
				CLANG_WARN_EMPTY_BODY = YES;
				CLANG_WARN_ENUM_CONVERSION = YES;
				CLANG_WARN_INFINITE_RECURSION = YES;
				CLANG_WARN_INT_CONVERSION = YES;
				CLANG_WARN_OBJC_ROOT_CLASS = YES_ERROR;
				CLANG_WARN_SUSPICIOUS_MOVES = YES;
				CLANG_WARN_UNREACHABLE_CODE = YES;
				CLANG_WARN__DUPLICATE_METHOD_MATCH = YES;
				"CODE_SIGN_IDENTITY[sdk=iphoneos*]" = "iPhone Developer";
				COPY_PHASE_STRIP = NO;
				DEBUG_INFORMATION_FORMAT = "dwarf-with-dsym";
				ENABLE_NS_ASSERTIONS = NO;
				ENABLE_STRICT_OBJC_MSGSEND = YES;
				GCC_C_LANGUAGE_STANDARD = gnu99;
				GCC_NO_COMMON_BLOCKS = YES;
				GCC_WARN_64_TO_32_BIT_CONVERSION = YES;
				GCC_WARN_ABOUT_RETURN_TYPE = YES_ERROR;
				GCC_WARN_UNDECLARED_SELECTOR = YES;
				GCC_WARN_UNINITIALIZED_AUTOS = YES_AGGRESSIVE;
				GCC_WARN_UNUSED_FUNCTION = YES;
				GCC_WARN_UNUSED_VARIABLE = YES;
				IPHONEOS_DEPLOYMENT_TARGET = 10.1;
				MTL_ENABLE_DEBUG_INFO = NO;
				SDKROOT = iphoneos;
				SWIFT_OPTIMIZATION_LEVEL = "-Owholemodule";
				VALIDATE_PRODUCT = YES;
			};
			name = Release;
		};
		87B39A951DEFB78600251AE9 /* Debug */ = {
			isa = XCBuildConfiguration;
			buildSettings = {
				ASSETCATALOG_COMPILER_APPICON_NAME = AppIcon;
				INFOPLIST_FILE = Tab/Info.plist;
				LD_RUNPATH_SEARCH_PATHS = "$(inherited) @executable_path/Frameworks";
				PRODUCT_BUNDLE_IDENTIFIER = com.vnenise.Tab;
				PRODUCT_NAME = "$(TARGET_NAME)";
				SWIFT_VERSION = 3.0;
			};
			name = Debug;
		};
		87B39A961DEFB78600251AE9 /* Release */ = {
			isa = XCBuildConfiguration;
			buildSettings = {
				ASSETCATALOG_COMPILER_APPICON_NAME = AppIcon;
				INFOPLIST_FILE = Tab/Info.plist;
				LD_RUNPATH_SEARCH_PATHS = "$(inherited) @executable_path/Frameworks";
				PRODUCT_BUNDLE_IDENTIFIER = com.vnenise.Tab;
				PRODUCT_NAME = "$(TARGET_NAME)";
				SWIFT_VERSION = 3.0;
			};
			name = Release;
		};
/* End XCBuildConfiguration section */

/* Begin XCConfigurationList section */
		87B39A7D1DEFB78600251AE9 /* Build configuration list for PBXProject "Tab" */ = {
			isa = XCConfigurationList;
			buildConfigurations = (
				87B39A921DEFB78600251AE9 /* Debug */,
				87B39A931DEFB78600251AE9 /* Release */,
			);
			defaultConfigurationIsVisible = 0;
			defaultConfigurationName = Release;
		};
		87B39A941DEFB78600251AE9 /* Build configuration list for PBXNativeTarget "Tab" */ = {
			isa = XCConfigurationList;
			buildConfigurations = (
				87B39A951DEFB78600251AE9 /* Debug */,
				87B39A961DEFB78600251AE9 /* Release */,
			);
			defaultConfigurationIsVisible = 0;
			defaultConfigurationName = Release;
		};
/* End XCConfigurationList section */
	};
	rootObject = 87B39A7A1DEFB78600251AE9 /* Project object */;
}
