// !$*UTF8*$!
{
	archiveVersion = 1;
	classes = {
	};
	objectVersion = 46;
	objects = {

/* Begin PBXBuildFile section */
		B02832D11E2073B100455828 /* AppDelegate.swift in Sources */ = {isa = PBXBuildFile; fileRef = B02832D01E2073B100455828 /* AppDelegate.swift */; };
		B02832D31E2073B100455828 /* ViewController.swift in Sources */ = {isa = PBXBuildFile; fileRef = B02832D21E2073B100455828 /* ViewController.swift */; };
		B02832D61E2073B100455828 /* Main.storyboard in Resources */ = {isa = PBXBuildFile; fileRef = B02832D41E2073B100455828 /* Main.storyboard */; };
		B02832D81E2073B100455828 /* Assets.xcassets in Resources */ = {isa = PBXBuildFile; fileRef = B02832D71E2073B100455828 /* Assets.xcassets */; };
		B02832DB1E2073B100455828 /* LaunchScreen.storyboard in Resources */ = {isa = PBXBuildFile; fileRef = B02832D91E2073B100455828 /* LaunchScreen.storyboard */; };
		B02832E61E2073B100455828 /* SwipeGestureTests.swift in Sources */ = {isa = PBXBuildFile; fileRef = B02832E51E2073B100455828 /* SwipeGestureTests.swift */; };
		B02832F11E2073B100455828 /* SwipeGestureUITests.swift in Sources */ = {isa = PBXBuildFile; fileRef = B02832F01E2073B100455828 /* SwipeGestureUITests.swift */; };
		B028330A1E2077FD00455828 /* arrow-down-black.png in Resources */ = {isa = PBXBuildFile; fileRef = B02832FE1E2077FD00455828 /* arrow-down-black.png */; };
		B028330B1E2077FD00455828 /* arrow-down-green.png in Resources */ = {isa = PBXBuildFile; fileRef = B02832FF1E2077FD00455828 /* arrow-down-green.png */; };
		B028330C1E2077FD00455828 /* arrow-down-red.png in Resources */ = {isa = PBXBuildFile; fileRef = B02833001E2077FD00455828 /* arrow-down-red.png */; };
		B028330D1E2077FD00455828 /* arrow-left-black.png in Resources */ = {isa = PBXBuildFile; fileRef = B02833011E2077FD00455828 /* arrow-left-black.png */; };
		B028330E1E2077FD00455828 /* arrow-left-green.png in Resources */ = {isa = PBXBuildFile; fileRef = B02833021E2077FD00455828 /* arrow-left-green.png */; };
		B028330F1E2077FD00455828 /* arrow-left-red.png in Resources */ = {isa = PBXBuildFile; fileRef = B02833031E2077FD00455828 /* arrow-left-red.png */; };
		B02833101E2077FD00455828 /* arrow-right-black.png in Resources */ = {isa = PBXBuildFile; fileRef = B02833041E2077FD00455828 /* arrow-right-black.png */; };
		B02833111E2077FD00455828 /* arrow-right-green.png in Resources */ = {isa = PBXBuildFile; fileRef = B02833051E2077FD00455828 /* arrow-right-green.png */; };
		B02833121E2077FD00455828 /* arrow-right-red.png in Resources */ = {isa = PBXBuildFile; fileRef = B02833061E2077FD00455828 /* arrow-right-red.png */; };
		B02833131E2077FD00455828 /* arrow-up-black.png in Resources */ = {isa = PBXBuildFile; fileRef = B02833071E2077FD00455828 /* arrow-up-black.png */; };
		B02833141E2077FD00455828 /* arrow-up-green.png in Resources */ = {isa = PBXBuildFile; fileRef = B02833081E2077FD00455828 /* arrow-up-green.png */; };
		B02833151E2077FD00455828 /* arrow-up-red.png in Resources */ = {isa = PBXBuildFile; fileRef = B02833091E2077FD00455828 /* arrow-up-red.png */; };
/* End PBXBuildFile section */

/* Begin PBXContainerItemProxy section */
		B02832E21E2073B100455828 /* PBXContainerItemProxy */ = {
			isa = PBXContainerItemProxy;
			containerPortal = B02832C51E2073B000455828 /* Project object */;
			proxyType = 1;
			remoteGlobalIDString = B02832CC1E2073B000455828;
			remoteInfo = SwipeGesture;
		};
		B02832ED1E2073B100455828 /* PBXContainerItemProxy */ = {
			isa = PBXContainerItemProxy;
			containerPortal = B02832C51E2073B000455828 /* Project object */;
			proxyType = 1;
			remoteGlobalIDString = B02832CC1E2073B000455828;
			remoteInfo = SwipeGesture;
		};
/* End PBXContainerItemProxy section */

/* Begin PBXFileReference section */
		B02832CD1E2073B100455828 /* SwipeGesture.app */ = {isa = PBXFileReference; explicitFileType = wrapper.application; includeInIndex = 0; path = SwipeGesture.app; sourceTree = BUILT_PRODUCTS_DIR; };
		B02832D01E2073B100455828 /* AppDelegate.swift */ = {isa = PBXFileReference; lastKnownFileType = sourcecode.swift; path = AppDelegate.swift; sourceTree = "<group>"; };
		B02832D21E2073B100455828 /* ViewController.swift */ = {isa = PBXFileReference; lastKnownFileType = sourcecode.swift; lineEnding = 0; path = ViewController.swift; sourceTree = "<group>"; };
		B02832D51E2073B100455828 /* Base */ = {isa = PBXFileReference; lastKnownFileType = file.storyboard; name = Base; path = Base.lproj/Main.storyboard; sourceTree = "<group>"; };
		B02832D71E2073B100455828 /* Assets.xcassets */ = {isa = PBXFileReference; lastKnownFileType = folder.assetcatalog; path = Assets.xcassets; sourceTree = "<group>"; };
		B02832DA1E2073B100455828 /* Base */ = {isa = PBXFileReference; lastKnownFileType = file.storyboard; name = Base; path = Base.lproj/LaunchScreen.storyboard; sourceTree = "<group>"; };
		B02832DC1E2073B100455828 /* Info.plist */ = {isa = PBXFileReference; lastKnownFileType = text.plist.xml; path = Info.plist; sourceTree = "<group>"; };
		B02832E11E2073B100455828 /* SwipeGestureTests.xctest */ = {isa = PBXFileReference; explicitFileType = wrapper.cfbundle; includeInIndex = 0; path = SwipeGestureTests.xctest; sourceTree = BUILT_PRODUCTS_DIR; };
		B02832E51E2073B100455828 /* SwipeGestureTests.swift */ = {isa = PBXFileReference; lastKnownFileType = sourcecode.swift; path = SwipeGestureTests.swift; sourceTree = "<group>"; };
		B02832E71E2073B100455828 /* Info.plist */ = {isa = PBXFileReference; lastKnownFileType = text.plist.xml; path = Info.plist; sourceTree = "<group>"; };
		B02832EC1E2073B100455828 /* SwipeGestureUITests.xctest */ = {isa = PBXFileReference; explicitFileType = wrapper.cfbundle; includeInIndex = 0; path = SwipeGestureUITests.xctest; sourceTree = BUILT_PRODUCTS_DIR; };
		B02832F01E2073B100455828 /* SwipeGestureUITests.swift */ = {isa = PBXFileReference; lastKnownFileType = sourcecode.swift; path = SwipeGestureUITests.swift; sourceTree = "<group>"; };
		B02832F21E2073B100455828 /* Info.plist */ = {isa = PBXFileReference; lastKnownFileType = text.plist.xml; path = Info.plist; sourceTree = "<group>"; };
		B02832FE1E2077FD00455828 /* arrow-down-black.png */ = {isa = PBXFileReference; lastKnownFileType = image.png; name = "arrow-down-black.png"; path = "SwipeGesture/image/arrow-down-black.png"; sourceTree = "<group>"; };
		B02832FF1E2077FD00455828 /* arrow-down-green.png */ = {isa = PBXFileReference; lastKnownFileType = image.png; name = "arrow-down-green.png"; path = "SwipeGesture/image/arrow-down-green.png"; sourceTree = "<group>"; };
		B02833001E2077FD00455828 /* arrow-down-red.png */ = {isa = PBXFileReference; lastKnownFileType = image.png; name = "arrow-down-red.png"; path = "SwipeGesture/image/arrow-down-red.png"; sourceTree = "<group>"; };
		B02833011E2077FD00455828 /* arrow-left-black.png */ = {isa = PBXFileReference; lastKnownFileType = image.png; name = "arrow-left-black.png"; path = "SwipeGesture/image/arrow-left-black.png"; sourceTree = "<group>"; };
		B02833021E2077FD00455828 /* arrow-left-green.png */ = {isa = PBXFileReference; lastKnownFileType = image.png; name = "arrow-left-green.png"; path = "SwipeGesture/image/arrow-left-green.png"; sourceTree = "<group>"; };
		B02833031E2077FD00455828 /* arrow-left-red.png */ = {isa = PBXFileReference; lastKnownFileType = image.png; name = "arrow-left-red.png"; path = "SwipeGesture/image/arrow-left-red.png"; sourceTree = "<group>"; };
		B02833041E2077FD00455828 /* arrow-right-black.png */ = {isa = PBXFileReference; lastKnownFileType = image.png; name = "arrow-right-black.png"; path = "SwipeGesture/image/arrow-right-black.png"; sourceTree = "<group>"; };
		B02833051E2077FD00455828 /* arrow-right-green.png */ = {isa = PBXFileReference; lastKnownFileType = image.png; name = "arrow-right-green.png"; path = "SwipeGesture/image/arrow-right-green.png"; sourceTree = "<group>"; };
		B02833061E2077FD00455828 /* arrow-right-red.png */ = {isa = PBXFileReference; lastKnownFileType = image.png; name = "arrow-right-red.png"; path = "SwipeGesture/image/arrow-right-red.png"; sourceTree = "<group>"; };
		B02833071E2077FD00455828 /* arrow-up-black.png */ = {isa = PBXFileReference; lastKnownFileType = image.png; name = "arrow-up-black.png"; path = "SwipeGesture/image/arrow-up-black.png"; sourceTree = "<group>"; };
		B02833081E2077FD00455828 /* arrow-up-green.png */ = {isa = PBXFileReference; lastKnownFileType = image.png; name = "arrow-up-green.png"; path = "SwipeGesture/image/arrow-up-green.png"; sourceTree = "<group>"; };
		B02833091E2077FD00455828 /* arrow-up-red.png */ = {isa = PBXFileReference; lastKnownFileType = image.png; name = "arrow-up-red.png"; path = "SwipeGesture/image/arrow-up-red.png"; sourceTree = "<group>"; };
/* End PBXFileReference section */

/* Begin PBXFrameworksBuildPhase section */
		B02832CA1E2073B000455828 /* Frameworks */ = {
			isa = PBXFrameworksBuildPhase;
			buildActionMask = 2147483647;
			files = (
			);
			runOnlyForDeploymentPostprocessing = 0;
		};
		B02832DE1E2073B100455828 /* Frameworks */ = {
			isa = PBXFrameworksBuildPhase;
			buildActionMask = 2147483647;
			files = (
			);
			runOnlyForDeploymentPostprocessing = 0;
		};
		B02832E91E2073B100455828 /* Frameworks */ = {
			isa = PBXFrameworksBuildPhase;
			buildActionMask = 2147483647;
			files = (
			);
			runOnlyForDeploymentPostprocessing = 0;
		};
/* End PBXFrameworksBuildPhase section */

/* Begin PBXGroup section */
		B02832C41E2073B000455828 = {
			isa = PBXGroup;
			children = (
				B02832FE1E2077FD00455828 /* arrow-down-black.png */,
				B02832FF1E2077FD00455828 /* arrow-down-green.png */,
				B02833001E2077FD00455828 /* arrow-down-red.png */,
				B02833011E2077FD00455828 /* arrow-left-black.png */,
				B02833021E2077FD00455828 /* arrow-left-green.png */,
				B02833031E2077FD00455828 /* arrow-left-red.png */,
				B02833041E2077FD00455828 /* arrow-right-black.png */,
				B02833051E2077FD00455828 /* arrow-right-green.png */,
				B02833061E2077FD00455828 /* arrow-right-red.png */,
				B02833071E2077FD00455828 /* arrow-up-black.png */,
				B02833081E2077FD00455828 /* arrow-up-green.png */,
				B02833091E2077FD00455828 /* arrow-up-red.png */,
				B02832CF1E2073B100455828 /* SwipeGesture */,
				B02832E41E2073B100455828 /* SwipeGestureTests */,
				B02832EF1E2073B100455828 /* SwipeGestureUITests */,
				B02832CE1E2073B100455828 /* Products */,
			);
			sourceTree = "<group>";
		};
		B02832CE1E2073B100455828 /* Products */ = {
			isa = PBXGroup;
			children = (
				B02832CD1E2073B100455828 /* SwipeGesture.app */,
				B02832E11E2073B100455828 /* SwipeGestureTests.xctest */,
				B02832EC1E2073B100455828 /* SwipeGestureUITests.xctest */,
			);
			name = Products;
			sourceTree = "<group>";
		};
		B02832CF1E2073B100455828 /* SwipeGesture */ = {
			isa = PBXGroup;
			children = (
				B02832D01E2073B100455828 /* AppDelegate.swift */,
				B02832D21E2073B100455828 /* ViewController.swift */,
				B02832D41E2073B100455828 /* Main.storyboard */,
				B02832D71E2073B100455828 /* Assets.xcassets */,
				B02832D91E2073B100455828 /* LaunchScreen.storyboard */,
				B02832DC1E2073B100455828 /* Info.plist */,
			);
			path = SwipeGesture;
			sourceTree = "<group>";
		};
		B02832E41E2073B100455828 /* SwipeGestureTests */ = {
			isa = PBXGroup;
			children = (
				B02832E51E2073B100455828 /* SwipeGestureTests.swift */,
				B02832E71E2073B100455828 /* Info.plist */,
			);
			path = SwipeGestureTests;
			sourceTree = "<group>";
		};
		B02832EF1E2073B100455828 /* SwipeGestureUITests */ = {
			isa = PBXGroup;
			children = (
				B02832F01E2073B100455828 /* SwipeGestureUITests.swift */,
				B02832F21E2073B100455828 /* Info.plist */,
			);
			path = SwipeGestureUITests;
			sourceTree = "<group>";
		};
/* End PBXGroup section */

/* Begin PBXNativeTarget section */
		B02832CC1E2073B000455828 /* SwipeGesture */ = {
			isa = PBXNativeTarget;
			buildConfigurationList = B02832F51E2073B100455828 /* Build configuration list for PBXNativeTarget "SwipeGesture" */;
			buildPhases = (
				B02832C91E2073B000455828 /* Sources */,
				B02832CA1E2073B000455828 /* Frameworks */,
				B02832CB1E2073B000455828 /* Resources */,
			);
			buildRules = (
			);
			dependencies = (
			);
			name = SwipeGesture;
			productName = SwipeGesture;
			productReference = B02832CD1E2073B100455828 /* SwipeGesture.app */;
			productType = "com.apple.product-type.application";
		};
		B02832E01E2073B100455828 /* SwipeGestureTests */ = {
			isa = PBXNativeTarget;
			buildConfigurationList = B02832F81E2073B100455828 /* Build configuration list for PBXNativeTarget "SwipeGestureTests" */;
			buildPhases = (
				B02832DD1E2073B100455828 /* Sources */,
				B02832DE1E2073B100455828 /* Frameworks */,
				B02832DF1E2073B100455828 /* Resources */,
			);
			buildRules = (
			);
			dependencies = (
				B02832E31E2073B100455828 /* PBXTargetDependency */,
			);
			name = SwipeGestureTests;
			productName = SwipeGestureTests;
			productReference = B02832E11E2073B100455828 /* SwipeGestureTests.xctest */;
			productType = "com.apple.product-type.bundle.unit-test";
		};
		B02832EB1E2073B100455828 /* SwipeGestureUITests */ = {
			isa = PBXNativeTarget;
			buildConfigurationList = B02832FB1E2073B100455828 /* Build configuration list for PBXNativeTarget "SwipeGestureUITests" */;
			buildPhases = (
				B02832E81E2073B100455828 /* Sources */,
				B02832E91E2073B100455828 /* Frameworks */,
				B02832EA1E2073B100455828 /* Resources */,
			);
			buildRules = (
			);
			dependencies = (
				B02832EE1E2073B100455828 /* PBXTargetDependency */,
			);
			name = SwipeGestureUITests;
			productName = SwipeGestureUITests;
			productReference = B02832EC1E2073B100455828 /* SwipeGestureUITests.xctest */;
			productType = "com.apple.product-type.bundle.ui-testing";
		};
/* End PBXNativeTarget section */

/* Begin PBXProject section */
		B02832C51E2073B000455828 /* Project object */ = {
			isa = PBXProject;
			attributes = {
				LastSwiftUpdateCheck = 0820;
				LastUpgradeCheck = 0820;
				TargetAttributes = {
					B02832CC1E2073B000455828 = {
						CreatedOnToolsVersion = 8.2.1;
						DevelopmentTeam = VCBG57ZU25;
						ProvisioningStyle = Automatic;
					};
					B02832E01E2073B100455828 = {
						CreatedOnToolsVersion = 8.2.1;
						DevelopmentTeam = VCBG57ZU25;
						ProvisioningStyle = Automatic;
						TestTargetID = B02832CC1E2073B000455828;
					};
					B02832EB1E2073B100455828 = {
						CreatedOnToolsVersion = 8.2.1;
						DevelopmentTeam = VCBG57ZU25;
						ProvisioningStyle = Automatic;
						TestTargetID = B02832CC1E2073B000455828;
					};
				};
			};
			buildConfigurationList = B02832C81E2073B000455828 /* Build configuration list for PBXProject "SwipeGesture" */;
			compatibilityVersion = "Xcode 3.2";
			developmentRegion = English;
			hasScannedForEncodings = 0;
			knownRegions = (
				en,
				Base,
			);
			mainGroup = B02832C41E2073B000455828;
			productRefGroup = B02832CE1E2073B100455828 /* Products */;
			projectDirPath = "";
			projectRoot = "";
			targets = (
				B02832CC1E2073B000455828 /* SwipeGesture */,
				B02832E01E2073B100455828 /* SwipeGestureTests */,
				B02832EB1E2073B100455828 /* SwipeGestureUITests */,
			);
		};
/* End PBXProject section */

/* Begin PBXResourcesBuildPhase section */
		B02832CB1E2073B000455828 /* Resources */ = {
			isa = PBXResourcesBuildPhase;
			buildActionMask = 2147483647;
			files = (
				B02833131E2077FD00455828 /* arrow-up-black.png in Resources */,
				B028330E1E2077FD00455828 /* arrow-left-green.png in Resources */,
				B02832DB1E2073B100455828 /* LaunchScreen.storyboard in Resources */,
				B028330C1E2077FD00455828 /* arrow-down-red.png in Resources */,
				B028330A1E2077FD00455828 /* arrow-down-black.png in Resources */,
				B02833151E2077FD00455828 /* arrow-up-red.png in Resources */,
				B028330D1E2077FD00455828 /* arrow-left-black.png in Resources */,
				B028330B1E2077FD00455828 /* arrow-down-green.png in Resources */,
				B028330F1E2077FD00455828 /* arrow-left-red.png in Resources */,
				B02833141E2077FD00455828 /* arrow-up-green.png in Resources */,
				B02832D81E2073B100455828 /* Assets.xcassets in Resources */,
				B02833121E2077FD00455828 /* arrow-right-red.png in Resources */,
				B02833111E2077FD00455828 /* arrow-right-green.png in Resources */,
				B02833101E2077FD00455828 /* arrow-right-black.png in Resources */,
				B02832D61E2073B100455828 /* Main.storyboard in Resources */,
			);
			runOnlyForDeploymentPostprocessing = 0;
		};
		B02832DF1E2073B100455828 /* Resources */ = {
			isa = PBXResourcesBuildPhase;
			buildActionMask = 2147483647;
			files = (
			);
			runOnlyForDeploymentPostprocessing = 0;
		};
		B02832EA1E2073B100455828 /* Resources */ = {
			isa = PBXResourcesBuildPhase;
			buildActionMask = 2147483647;
			files = (
			);
			runOnlyForDeploymentPostprocessing = 0;
		};
/* End PBXResourcesBuildPhase section */

/* Begin PBXSourcesBuildPhase section */
		B02832C91E2073B000455828 /* Sources */ = {
			isa = PBXSourcesBuildPhase;
			buildActionMask = 2147483647;
			files = (
				B02832D31E2073B100455828 /* ViewController.swift in Sources */,
				B02832D11E2073B100455828 /* AppDelegate.swift in Sources */,
			);
			runOnlyForDeploymentPostprocessing = 0;
		};
		B02832DD1E2073B100455828 /* Sources */ = {
			isa = PBXSourcesBuildPhase;
			buildActionMask = 2147483647;
			files = (
				B02832E61E2073B100455828 /* SwipeGestureTests.swift in Sources */,
			);
			runOnlyForDeploymentPostprocessing = 0;
		};
		B02832E81E2073B100455828 /* Sources */ = {
			isa = PBXSourcesBuildPhase;
			buildActionMask = 2147483647;
			files = (
				B02832F11E2073B100455828 /* SwipeGestureUITests.swift in Sources */,
			);
			runOnlyForDeploymentPostprocessing = 0;
		};
/* End PBXSourcesBuildPhase section */

/* Begin PBXTargetDependency section */
		B02832E31E2073B100455828 /* PBXTargetDependency */ = {
			isa = PBXTargetDependency;
			target = B02832CC1E2073B000455828 /* SwipeGesture */;
			targetProxy = B02832E21E2073B100455828 /* PBXContainerItemProxy */;
		};
		B02832EE1E2073B100455828 /* PBXTargetDependency */ = {
			isa = PBXTargetDependency;
			target = B02832CC1E2073B000455828 /* SwipeGesture */;
			targetProxy = B02832ED1E2073B100455828 /* PBXContainerItemProxy */;
		};
/* End PBXTargetDependency section */

/* Begin PBXVariantGroup section */
		B02832D41E2073B100455828 /* Main.storyboard */ = {
			isa = PBXVariantGroup;
			children = (
				B02832D51E2073B100455828 /* Base */,
			);
			name = Main.storyboard;
			sourceTree = "<group>";
		};
		B02832D91E2073B100455828 /* LaunchScreen.storyboard */ = {
			isa = PBXVariantGroup;
			children = (
				B02832DA1E2073B100455828 /* Base */,
			);
			name = LaunchScreen.storyboard;
			sourceTree = "<group>";
		};
/* End PBXVariantGroup section */

/* Begin XCBuildConfiguration section */
		B02832F31E2073B100455828 /* Debug */ = {
			isa = XCBuildConfiguration;
			buildSettings = {
				ALWAYS_SEARCH_USER_PATHS = NO;
				CLANG_ANALYZER_NONNULL = YES;
				CLANG_CXX_LANGUAGE_STANDARD = "gnu++0x";
				CLANG_CXX_LIBRARY = "libc++";
				CLANG_ENABLE_MODULES = YES;
				CLANG_ENABLE_OBJC_ARC = YES;
				CLANG_WARN_BOOL_CONVERSION = YES;
				CLANG_WARN_CONSTANT_CONVERSION = YES;
				CLANG_WARN_DIRECT_OBJC_ISA_USAGE = YES_ERROR;
				CLANG_WARN_DOCUMENTATION_COMMENTS = YES;
				CLANG_WARN_EMPTY_BODY = YES;
				CLANG_WARN_ENUM_CONVERSION = YES;
				CLANG_WARN_INFINITE_RECURSION = YES;
				CLANG_WARN_INT_CONVERSION = YES;
				CLANG_WARN_OBJC_ROOT_CLASS = YES_ERROR;
				CLANG_WARN_SUSPICIOUS_MOVE = YES;
				CLANG_WARN_UNREACHABLE_CODE = YES;
				CLANG_WARN__DUPLICATE_METHOD_MATCH = YES;
				"CODE_SIGN_IDENTITY[sdk=iphoneos*]" = "iPhone Developer";
				COPY_PHASE_STRIP = NO;
				DEBUG_INFORMATION_FORMAT = dwarf;
				ENABLE_STRICT_OBJC_MSGSEND = YES;
				ENABLE_TESTABILITY = YES;
				GCC_C_LANGUAGE_STANDARD = gnu99;
				GCC_DYNAMIC_NO_PIC = NO;
				GCC_NO_COMMON_BLOCKS = YES;
				GCC_OPTIMIZATION_LEVEL = 0;
				GCC_PREPROCESSOR_DEFINITIONS = (
					"DEBUG=1",
					"$(inherited)",
				);
				GCC_WARN_64_TO_32_BIT_CONVERSION = YES;
				GCC_WARN_ABOUT_RETURN_TYPE = YES_ERROR;
				GCC_WARN_UNDECLARED_SELECTOR = YES;
				GCC_WARN_UNINITIALIZED_AUTOS = YES_AGGRESSIVE;
				GCC_WARN_UNUSED_FUNCTION = YES;
				GCC_WARN_UNUSED_VARIABLE = YES;
				IPHONEOS_DEPLOYMENT_TARGET = 10.2;
				MTL_ENABLE_DEBUG_INFO = YES;
				ONLY_ACTIVE_ARCH = YES;
				SDKROOT = iphoneos;
				SWIFT_ACTIVE_COMPILATION_CONDITIONS = DEBUG;
				SWIFT_OPTIMIZATION_LEVEL = "-Onone";
				TARGETED_DEVICE_FAMILY = "1,2";
			};
			name = Debug;
		};
		B02832F41E2073B100455828 /* Release */ = {
			isa = XCBuildConfiguration;
			buildSettings = {
				ALWAYS_SEARCH_USER_PATHS = NO;
				CLANG_ANALYZER_NONNULL = YES;
				CLANG_CXX_LANGUAGE_STANDARD = "gnu++0x";
				CLANG_CXX_LIBRARY = "libc++";
				CLANG_ENABLE_MODULES = YES;
				CLANG_ENABLE_OBJC_ARC = YES;
				CLANG_WARN_BOOL_CONVERSION = YES;
				CLANG_WARN_CONSTANT_CONVERSION = YES;
				CLANG_WARN_DIRECT_OBJC_ISA_USAGE = YES_ERROR;
				CLANG_WARN_DOCUMENTATION_COMMENTS = YES;
				CLANG_WARN_EMPTY_BODY = YES;
				CLANG_WARN_ENUM_CONVERSION = YES;
				CLANG_WARN_INFINITE_RECURSION = YES;
				CLANG_WARN_INT_CONVERSION = YES;
				CLANG_WARN_OBJC_ROOT_CLASS = YES_ERROR;
				CLANG_WARN_SUSPICIOUS_MOVE = YES;
				CLANG_WARN_UNREACHABLE_CODE = YES;
				CLANG_WARN__DUPLICATE_METHOD_MATCH = YES;
				"CODE_SIGN_IDENTITY[sdk=iphoneos*]" = "iPhone Developer";
				COPY_PHASE_STRIP = NO;
				DEBUG_INFORMATION_FORMAT = "dwarf-with-dsym";
				ENABLE_NS_ASSERTIONS = NO;
				ENABLE_STRICT_OBJC_MSGSEND = YES;
				GCC_C_LANGUAGE_STANDARD = gnu99;
				GCC_NO_COMMON_BLOCKS = YES;
				GCC_WARN_64_TO_32_BIT_CONVERSION = YES;
				GCC_WARN_ABOUT_RETURN_TYPE = YES_ERROR;
				GCC_WARN_UNDECLARED_SELECTOR = YES;
				GCC_WARN_UNINITIALIZED_AUTOS = YES_AGGRESSIVE;
				GCC_WARN_UNUSED_FUNCTION = YES;
				GCC_WARN_UNUSED_VARIABLE = YES;
				IPHONEOS_DEPLOYMENT_TARGET = 10.2;
				MTL_ENABLE_DEBUG_INFO = NO;
				SDKROOT = iphoneos;
				SWIFT_OPTIMIZATION_LEVEL = "-Owholemodule";
				TARGETED_DEVICE_FAMILY = "1,2";
				VALIDATE_PRODUCT = YES;
			};
			name = Release;
		};
		B02832F61E2073B100455828 /* Debug */ = {
			isa = XCBuildConfiguration;
			buildSettings = {
				ASSETCATALOG_COMPILER_APPICON_NAME = AppIcon;
				DEVELOPMENT_TEAM = VCBG57ZU25;
				INFOPLIST_FILE = SwipeGesture/Info.plist;
				LD_RUNPATH_SEARCH_PATHS = "$(inherited) @executable_path/Frameworks";
				PRODUCT_BUNDLE_IDENTIFIER = study.SwipeGesture;
				PRODUCT_NAME = "$(TARGET_NAME)";
				SWIFT_VERSION = 3.0;
			};
			name = Debug;
		};
		B02832F71E2073B100455828 /* Release */ = {
			isa = XCBuildConfiguration;
			buildSettings = {
				ASSETCATALOG_COMPILER_APPICON_NAME = AppIcon;
				DEVELOPMENT_TEAM = VCBG57ZU25;
				INFOPLIST_FILE = SwipeGesture/Info.plist;
				LD_RUNPATH_SEARCH_PATHS = "$(inherited) @executable_path/Frameworks";
				PRODUCT_BUNDLE_IDENTIFIER = study.SwipeGesture;
				PRODUCT_NAME = "$(TARGET_NAME)";
				SWIFT_VERSION = 3.0;
			};
			name = Release;
		};
		B02832F91E2073B100455828 /* Debug */ = {
			isa = XCBuildConfiguration;
			buildSettings = {
				ALWAYS_EMBED_SWIFT_STANDARD_LIBRARIES = YES;
				BUNDLE_LOADER = "$(TEST_HOST)";
				DEVELOPMENT_TEAM = VCBG57ZU25;
				INFOPLIST_FILE = SwipeGestureTests/Info.plist;
				LD_RUNPATH_SEARCH_PATHS = "$(inherited) @executable_path/Frameworks @loader_path/Frameworks";
				PRODUCT_BUNDLE_IDENTIFIER = study.SwipeGestureTests;
				PRODUCT_NAME = "$(TARGET_NAME)";
				SWIFT_VERSION = 3.0;
				TEST_HOST = "$(BUILT_PRODUCTS_DIR)/SwipeGesture.app/SwipeGesture";
			};
			name = Debug;
		};
		B02832FA1E2073B100455828 /* Release */ = {
			isa = XCBuildConfiguration;
			buildSettings = {
				ALWAYS_EMBED_SWIFT_STANDARD_LIBRARIES = YES;
				BUNDLE_LOADER = "$(TEST_HOST)";
				DEVELOPMENT_TEAM = VCBG57ZU25;
				INFOPLIST_FILE = SwipeGestureTests/Info.plist;
				LD_RUNPATH_SEARCH_PATHS = "$(inherited) @executable_path/Frameworks @loader_path/Frameworks";
				PRODUCT_BUNDLE_IDENTIFIER = study.SwipeGestureTests;
				PRODUCT_NAME = "$(TARGET_NAME)";
				SWIFT_VERSION = 3.0;
				TEST_HOST = "$(BUILT_PRODUCTS_DIR)/SwipeGesture.app/SwipeGesture";
			};
			name = Release;
		};
		B02832FC1E2073B100455828 /* Debug */ = {
			isa = XCBuildConfiguration;
			buildSettings = {
				ALWAYS_EMBED_SWIFT_STANDARD_LIBRARIES = YES;
				DEVELOPMENT_TEAM = VCBG57ZU25;
				INFOPLIST_FILE = SwipeGestureUITests/Info.plist;
				LD_RUNPATH_SEARCH_PATHS = "$(inherited) @executable_path/Frameworks @loader_path/Frameworks";
				PRODUCT_BUNDLE_IDENTIFIER = study.SwipeGestureUITests;
				PRODUCT_NAME = "$(TARGET_NAME)";
				SWIFT_VERSION = 3.0;
				TEST_TARGET_NAME = SwipeGesture;
			};
			name = Debug;
		};
		B02832FD1E2073B100455828 /* Release */ = {
			isa = XCBuildConfiguration;
			buildSettings = {
				ALWAYS_EMBED_SWIFT_STANDARD_LIBRARIES = YES;
				DEVELOPMENT_TEAM = VCBG57ZU25;
				INFOPLIST_FILE = SwipeGestureUITests/Info.plist;
				LD_RUNPATH_SEARCH_PATHS = "$(inherited) @executable_path/Frameworks @loader_path/Frameworks";
				PRODUCT_BUNDLE_IDENTIFIER = study.SwipeGestureUITests;
				PRODUCT_NAME = "$(TARGET_NAME)";
				SWIFT_VERSION = 3.0;
				TEST_TARGET_NAME = SwipeGesture;
			};
			name = Release;
		};
/* End XCBuildConfiguration section */

/* Begin XCConfigurationList section */
		B02832C81E2073B000455828 /* Build configuration list for PBXProject "SwipeGesture" */ = {
			isa = XCConfigurationList;
			buildConfigurations = (
				B02832F31E2073B100455828 /* Debug */,
				B02832F41E2073B100455828 /* Release */,
			);
			defaultConfigurationIsVisible = 0;
			defaultConfigurationName = Release;
		};
		B02832F51E2073B100455828 /* Build configuration list for PBXNativeTarget "SwipeGesture" */ = {
			isa = XCConfigurationList;
			buildConfigurations = (
				B02832F61E2073B100455828 /* Debug */,
				B02832F71E2073B100455828 /* Release */,
			);
			defaultConfigurationIsVisible = 0;
		};
		B02832F81E2073B100455828 /* Build configuration list for PBXNativeTarget "SwipeGestureTests" */ = {
			isa = XCConfigurationList;
			buildConfigurations = (
				B02832F91E2073B100455828 /* Debug */,
				B02832FA1E2073B100455828 /* Release */,
			);
			defaultConfigurationIsVisible = 0;
		};
		B02832FB1E2073B100455828 /* Build configuration list for PBXNativeTarget "SwipeGestureUITests" */ = {
			isa = XCConfigurationList;
			buildConfigurations = (
				B02832FC1E2073B100455828 /* Debug */,
				B02832FD1E2073B100455828 /* Release */,
			);
			defaultConfigurationIsVisible = 0;
		};
/* End XCConfigurationList section */
	};
	rootObject = B02832C51E2073B000455828 /* Project object */;
}
